// !$*UTF8*$!
{
	archiveVersion = 1;
	classes = {
	};
	objectVersion = 46;
	objects = {

/* Begin PBXBuildFile section */
		55F9C4C3148D7FCE007457CE /* main.c in Sources */ = {isa = PBXBuildFile; fileRef = 55F9C4C2148D7FCE007457CE /* main.c */; };
		55F9C4CB148D8011007457CE /* Python.framework in Frameworks */ = {isa = PBXBuildFile; fileRef = 55F9C4CA148D8011007457CE /* Python.framework */; };
/* End PBXBuildFile section */

/* Begin PBXCopyFilesBuildPhase section */
		55F9C4BC148D7FCE007457CE /* CopyFiles */ = {
			isa = PBXCopyFilesBuildPhase;
			buildActionMask = 2147483647;
			dstPath = /usr/share/man/man1/;
			dstSubfolderSpec = 0;
			files = (
			);
			runOnlyForDeploymentPostprocessing = 1;
		};
/* End PBXCopyFilesBuildPhase section */

/* Begin PBXFileReference section */
		55F9C4BE148D7FCE007457CE /* PyArray */ = {isa = PBXFileReference; explicitFileType = "compiled.mach-o.executable"; includeInIndex = 0; path = PyArray; sourceTree = BUILT_PRODUCTS_DIR; };
		55F9C4C2148D7FCE007457CE /* main.c */ = {isa = PBXFileReference; lastKnownFileType = sourcecode.c.c; path = main.c; sourceTree = "<group>"; };
		55F9C4C4148D7FCE007457CE /* PyArray.1 */ = {isa = PBXFileReference; lastKnownFileType = text.man; path = PyArray.1; sourceTree = "<group>"; };
		55F9C4CA148D8011007457CE /* Python.framework */ = {isa = PBXFileReference; lastKnownFileType = wrapper.framework; name = Python.framework; path = System/Library/Frameworks/Python.framework; sourceTree = SDKROOT; };
/* End PBXFileReference section */

/* Begin PBXFrameworksBuildPhase section */
		55F9C4BB148D7FCE007457CE /* Frameworks */ = {
			isa = PBXFrameworksBuildPhase;
			buildActionMask = 2147483647;
			files = (
				55F9C4CB148D8011007457CE /* Python.framework in Frameworks */,
			);
			runOnlyForDeploymentPostprocessing = 0;
		};
/* End PBXFrameworksBuildPhase section */

/* Begin PBXGroup section */
		55F9C4B3148D7FCE007457CE = {
			isa = PBXGroup;
			children = (
				55F9C4CA148D8011007457CE /* Python.framework */,
				55F9C4C1148D7FCE007457CE /* PyArray */,
				55F9C4BF148D7FCE007457CE /* Products */,
			);
			sourceTree = "<group>";
		};
		55F9C4BF148D7FCE007457CE /* Products */ = {
			isa = PBXGroup;
			children = (
				55F9C4BE148D7FCE007457CE /* PyArray */,
			);
			name = Products;
			sourceTree = "<group>";
		};
		55F9C4C1148D7FCE007457CE /* PyArray */ = {
			isa = PBXGroup;
			children = (
				55F9C4C2148D7FCE007457CE /* main.c */,
				55F9C4C4148D7FCE007457CE /* PyArray.1 */,
			);
			path = PyArray;
			sourceTree = "<group>";
		};
/* End PBXGroup section */

/* Begin PBXNativeTarget section */
		55F9C4BD148D7FCE007457CE /* PyArray */ = {
			isa = PBXNativeTarget;
			buildConfigurationList = 55F9C4C7148D7FCE007457CE /* Build configuration list for PBXNativeTarget "PyArray" */;
			buildPhases = (
				55F9C4BA148D7FCE007457CE /* Sources */,
				55F9C4BB148D7FCE007457CE /* Frameworks */,
				55F9C4BC148D7FCE007457CE /* CopyFiles */,
			);
			buildRules = (
			);
			dependencies = (
			);
			name = PyArray;
			productName = PyArray;
			productReference = 55F9C4BE148D7FCE007457CE /* PyArray */;
			productType = "com.apple.product-type.tool";
		};
/* End PBXNativeTarget section */

/* Begin PBXProject section */
		55F9C4B5148D7FCE007457CE /* Project object */ = {
			isa = PBXProject;
			buildConfigurationList = 55F9C4B8148D7FCE007457CE /* Build configuration list for PBXProject "PyArray" */;
			compatibilityVersion = "Xcode 3.2";
			developmentRegion = English;
			hasScannedForEncodings = 0;
			knownRegions = (
				en,
			);
			mainGroup = 55F9C4B3148D7FCE007457CE;
			productRefGroup = 55F9C4BF148D7FCE007457CE /* Products */;
			projectDirPath = "";
			projectRoot = "";
			targets = (
				55F9C4BD148D7FCE007457CE /* PyArray */,
			);
		};
/* End PBXProject section */

/* Begin PBXSourcesBuildPhase section */
		55F9C4BA148D7FCE007457CE /* Sources */ = {
			isa = PBXSourcesBuildPhase;
			buildActionMask = 2147483647;
			files = (
				55F9C4C3148D7FCE007457CE /* main.c in Sources */,
			);
			runOnlyForDeploymentPostprocessing = 0;
		};
/* End PBXSourcesBuildPhase section */

/* Begin XCBuildConfiguration section */
		55F9C4C5148D7FCE007457CE /* Debug */ = {
			isa = XCBuildConfiguration;
			buildSettings = {
				ARCHS = "$(ARCHS_STANDARD_32_64_BIT)";
				GCC_C_LANGUAGE_STANDARD = gnu99;
				GCC_OPTIMIZATION_LEVEL = 0;
				GCC_PREPROCESSOR_DEFINITIONS = DEBUG;
				GCC_SYMBOLS_PRIVATE_EXTERN = NO;
				GCC_VERSION = com.apple.compilers.llvm.clang.1_0;
				GCC_WARN_64_TO_32_BIT_CONVERSION = YES;
				GCC_WARN_ABOUT_RETURN_TYPE = YES;
				GCC_WARN_UNUSED_VARIABLE = YES;
				MACOSX_DEPLOYMENT_TARGET = 10.6;
				ONLY_ACTIVE_ARCH = YES;
				SDKROOT = macosx;
			};
			name = Debug;
		};
		55F9C4C6148D7FCE007457CE /* Release */ = {
			isa = XCBuildConfiguration;
			buildSettings = {
				ARCHS = "$(ARCHS_STANDARD_32_64_BIT)";
				GCC_C_LANGUAGE_STANDARD = gnu99;
				GCC_VERSION = com.apple.compilers.llvm.clang.1_0;
				GCC_WARN_64_TO_32_BIT_CONVERSION = YES;
				GCC_WARN_ABOUT_RETURN_TYPE = YES;
				GCC_WARN_UNUSED_VARIABLE = YES;
				MACOSX_DEPLOYMENT_TARGET = 10.6;
				SDKROOT = macosx;
			};
			name = Release;
		};
		55F9C4C8148D7FCE007457CE /* Debug */ = {
			isa = XCBuildConfiguration;
			buildSettings = {
				ALWAYS_SEARCH_USER_PATHS = NO;
				COPY_PHASE_STRIP = NO;
				GCC_DYNAMIC_NO_PIC = NO;
				GCC_ENABLE_OBJC_EXCEPTIONS = YES;
				PRODUCT_NAME = "$(TARGET_NAME)";
			};
			name = Debug;
		};
		55F9C4C9148D7FCE007457CE /* Release */ = {
			isa = XCBuildConfiguration;
			buildSettings = {
				ALWAYS_SEARCH_USER_PATHS = NO;
				COPY_PHASE_STRIP = YES;
				DEBUG_INFORMATION_FORMAT = "dwarf-with-dsym";
				GCC_ENABLE_OBJC_EXCEPTIONS = YES;
				PRODUCT_NAME = "$(TARGET_NAME)";
			};
			name = Release;
		};
/* End XCBuildConfiguration section */

/* Begin XCConfigurationList section */
		55F9C4B8148D7FCE007457CE /* Build configuration list for PBXProject "PyArray" */ = {
			isa = XCConfigurationList;
			buildConfigurations = (
				55F9C4C5148D7FCE007457CE /* Debug */,
				55F9C4C6148D7FCE007457CE /* Release */,
			);
			defaultConfigurationIsVisible = 0;
			defaultConfigurationName = Release;
		};
		55F9C4C7148D7FCE007457CE /* Build configuration list for PBXNativeTarget "PyArray" */ = {
			isa = XCConfigurationList;
			buildConfigurations = (
				55F9C4C8148D7FCE007457CE /* Debug */,
				55F9C4C9148D7FCE007457CE /* Release */,
			);
			defaultConfigurationIsVisible = 0;
		};
/* End XCConfigurationList section */
	};
	rootObject = 55F9C4B5148D7FCE007457CE /* Project object */;
}
